
Microsoft Visual Studio Solution File, Format Version 12.00
# Visual Studio 2013
VisualStudioVersion = 12.0.31101.0
MinimumVisualStudioVersion = 10.0.40219.1
Project("{FAE04EC0-301F-11D3-BF4B-00C04F79EFBC}") = "GaussianElimination", "GaussianElimination\GaussianElimination.csproj", "{3E8D61EF-9D86-4D34-B40D-A441A34D2F41}"
EndProject
Project("{FAE04EC0-301F-11D3-BF4B-00C04F79EFBC}") = "GaussianElimination.Data", "GaussianElimination.Data\GaussianElimination.Data.csproj", "{86EEEB77-632A-4C8B-AA9E-6F0EBAB1BD71}"
EndProject
Project("{FAE04EC0-301F-11D3-BF4B-00C04F79EFBC}") = "GaussianElimination.Tests", "GaussianElimination.Tests\GaussianElimination.Tests.csproj", "{71D7AB93-2D9D-45AE-B967-31235EFE0D10}"
EndProject
Global
	GlobalSection(SolutionConfigurationPlatforms) = preSolution
		Debug|Any CPU = Debug|Any CPU
		Release|Any CPU = Release|Any CPU
	EndGlobalSection
	GlobalSection(ProjectConfigurationPlatforms) = postSolution
		{3E8D61EF-9D86-4D34-B40D-A441A34D2F41}.Debug|Any CPU.ActiveCfg = Debug|Any CPU
		{3E8D61EF-9D86-4D34-B40D-A441A34D2F41}.Debug|Any CPU.Build.0 = Debug|Any CPU
		{3E8D61EF-9D86-4D34-B40D-A441A34D2F41}.Release|Any CPU.ActiveCfg = Release|Any CPU
		{3E8D61EF-9D86-4D34-B40D-A441A34D2F41}.Release|Any CPU.Build.0 = Release|Any CPU
		{86EEEB77-632A-4C8B-AA9E-6F0EBAB1BD71}.Debug|Any CPU.ActiveCfg = Debug|Any CPU
		{86EEEB77-632A-4C8B-AA9E-6F0EBAB1BD71}.Debug|Any CPU.Build.0 = Debug|Any CPU
		{86EEEB77-632A-4C8B-AA9E-6F0EBAB1BD71}.Release|Any CPU.ActiveCfg = Release|Any CPU
		{86EEEB77-632A-4C8B-AA9E-6F0EBAB1BD71}.Release|Any CPU.Build.0 = Release|Any CPU
		{71D7AB93-2D9D-45AE-B967-31235EFE0D10}.Debug|Any CPU.ActiveCfg = Debug|Any CPU
		{71D7AB93-2D9D-45AE-B967-31235EFE0D10}.Debug|Any CPU.Build.0 = Debug|Any CPU
		{71D7AB93-2D9D-45AE-B967-31235EFE0D10}.Release|Any CPU.ActiveCfg = Release|Any CPU
		{71D7AB93-2D9D-45AE-B967-31235EFE0D10}.Release|Any CPU.Build.0 = Release|Any CPU
	EndGlobalSection
	GlobalSection(SolutionProperties) = preSolution
		HideSolutionNode = FALSE
	EndGlobalSection
EndGlobal
